
Microsoft Visual Studio Solution File, Format Version 12.00
# Visual Studio Version 17
VisualStudioVersion = 17.5.33502.453
MinimumVisualStudioVersion = 10.0.40219.1
Project("{9A19103F-16F7-4668-BE54-9A1E7A4F7556}") = "WDCore", "src\WDCore\WDCore.csproj", "{418D3E0D-C088-4C37-9FB0-883F1E25C087}"
EndProject
Project("{9A19103F-16F7-4668-BE54-9A1E7A4F7556}") = "WDUtility", "src\WDUtility\WDUtility.csproj", "{B2FDD0E9-8E55-494D-93FD-C2529284D4AD}"
EndProject
Project("{FAE04EC0-301F-11D3-BF4B-00C04F79EFBC}") = "WhyDeployCLI", "src\WhyDeployCLI\WhyDeployCLI.csproj", "{9A396788-0CAB-48C9-9047-8B6901C01229}"
EndProject
Project("{FAE04EC0-301F-11D3-BF4B-00C04F79EFBC}") = "WhyDeployDesktopClient", "src\WhyDeployDesktopClient\WhyDeployDesktopClient.csproj", "{832133A0-2366-4385-8A55-1B9AA1C04E7B}"
EndProject
Project("{FAE04EC0-301F-11D3-BF4B-00C04F79EFBC}") = "WDUtilityTests", "src\tests\WDUtilityTests\WDUtilityTests.csproj", "{A410E2E8-4610-4944-AA33-8F26250D2DDA}"
EndProject
Project("{2150E333-8FDC-42A3-9474-1A3956D46DE8}") = "Tests", "Tests", "{44C3AC75-2EFE-4B85-B302-911837E0477B}"
EndProject
Project("{FAE04EC0-301F-11D3-BF4B-00C04F79EFBC}") = "WDCoreTests", "src\tests\WDCoreTests\WDCoreTests.csproj", "{40479A2D-DA73-463E-94D9-531FAC9648D9}"
EndProject
Project("{2150E333-8FDC-42A3-9474-1A3956D46DE8}") = "OperationModules", "OperationModules", "{7C8E3B38-3A0C-4640-A1D6-F19991F9DFB9}"
EndProject
Project("{FAE04EC0-301F-11D3-BF4B-00C04F79EFBC}") = "WDBase", "src\WDBase\WDBase.csproj", "{882B1274-BA67-42C9-9618-DFC5F64F2CBD}"
EndProject
Project("{2150E333-8FDC-42A3-9474-1A3956D46DE8}") = "Core", "Core", "{E6F90085-B092-4AC2-85A9-551412397ADB}"
EndProject
Project("{FAE04EC0-301F-11D3-BF4B-00C04F79EFBC}") = "WDOCore", "src\OperationModules\WDOCore\WDOCore.csproj", "{F39FC17E-6824-470D-A371-D49071ACBE46}"
EndProject
Project("{FAE04EC0-301F-11D3-BF4B-00C04F79EFBC}") = "WDOWin", "src\OperationModules\WDOWin\WDOWin.csproj", "{87C17D18-78BC-4C9D-9BF3-2230A7F76C83}"
EndProject
Project("{FAE04EC0-301F-11D3-BF4B-00C04F79EFBC}") = "WDOGit", "src\OperationModules\WDOGit\WDOGit.csproj", "{9316991C-6DE5-4E29-A08C-8AC0D35E4947}"
EndProject
Global
	GlobalSection(SolutionConfigurationPlatforms) = preSolution
		Debug|Any CPU = Debug|Any CPU
		Debug|x64 = Debug|x64
		Release|Any CPU = Release|Any CPU
		Release|x64 = Release|x64
	EndGlobalSection
	GlobalSection(ProjectConfigurationPlatforms) = postSolution
		{418D3E0D-C088-4C37-9FB0-883F1E25C087}.Debug|Any CPU.ActiveCfg = Debug|Any CPU
		{418D3E0D-C088-4C37-9FB0-883F1E25C087}.Debug|Any CPU.Build.0 = Debug|Any CPU
		{418D3E0D-C088-4C37-9FB0-883F1E25C087}.Debug|x64.ActiveCfg = Debug|x64
		{418D3E0D-C088-4C37-9FB0-883F1E25C087}.Debug|x64.Build.0 = Debug|x64
		{418D3E0D-C088-4C37-9FB0-883F1E25C087}.Release|Any CPU.ActiveCfg = Release|Any CPU
		{418D3E0D-C088-4C37-9FB0-883F1E25C087}.Release|Any CPU.Build.0 = Release|Any CPU
		{418D3E0D-C088-4C37-9FB0-883F1E25C087}.Release|x64.ActiveCfg = Release|x64
		{418D3E0D-C088-4C37-9FB0-883F1E25C087}.Release|x64.Build.0 = Release|x64
		{B2FDD0E9-8E55-494D-93FD-C2529284D4AD}.Debug|Any CPU.ActiveCfg = Debug|Any CPU
		{B2FDD0E9-8E55-494D-93FD-C2529284D4AD}.Debug|Any CPU.Build.0 = Debug|Any CPU
		{B2FDD0E9-8E55-494D-93FD-C2529284D4AD}.Debug|x64.ActiveCfg = Debug|x64
		{B2FDD0E9-8E55-494D-93FD-C2529284D4AD}.Debug|x64.Build.0 = Debug|x64
		{B2FDD0E9-8E55-494D-93FD-C2529284D4AD}.Release|Any CPU.ActiveCfg = Release|Any CPU
		{B2FDD0E9-8E55-494D-93FD-C2529284D4AD}.Release|Any CPU.Build.0 = Release|Any CPU
		{B2FDD0E9-8E55-494D-93FD-C2529284D4AD}.Release|x64.ActiveCfg = Release|x64
		{B2FDD0E9-8E55-494D-93FD-C2529284D4AD}.Release|x64.Build.0 = Release|x64
		{9A396788-0CAB-48C9-9047-8B6901C01229}.Debug|Any CPU.ActiveCfg = Debug|Any CPU
		{9A396788-0CAB-48C9-9047-8B6901C01229}.Debug|Any CPU.Build.0 = Debug|Any CPU
		{9A396788-0CAB-48C9-9047-8B6901C01229}.Debug|x64.ActiveCfg = Debug|Any CPU
		{9A396788-0CAB-48C9-9047-8B6901C01229}.Debug|x64.Build.0 = Debug|Any CPU
		{9A396788-0CAB-48C9-9047-8B6901C01229}.Release|Any CPU.ActiveCfg = Release|Any CPU
		{9A396788-0CAB-48C9-9047-8B6901C01229}.Release|Any CPU.Build.0 = Release|Any CPU
		{9A396788-0CAB-48C9-9047-8B6901C01229}.Release|x64.ActiveCfg = Release|Any CPU
		{9A396788-0CAB-48C9-9047-8B6901C01229}.Release|x64.Build.0 = Release|Any CPU
		{832133A0-2366-4385-8A55-1B9AA1C04E7B}.Debug|Any CPU.ActiveCfg = Debug|Any CPU
		{832133A0-2366-4385-8A55-1B9AA1C04E7B}.Debug|x64.ActiveCfg = Debug|Any CPU
		{832133A0-2366-4385-8A55-1B9AA1C04E7B}.Release|Any CPU.ActiveCfg = Release|Any CPU
		{832133A0-2366-4385-8A55-1B9AA1C04E7B}.Release|x64.ActiveCfg = Release|Any CPU
		{A410E2E8-4610-4944-AA33-8F26250D2DDA}.Debug|Any CPU.ActiveCfg = Debug|Any CPU
		{A410E2E8-4610-4944-AA33-8F26250D2DDA}.Debug|x64.ActiveCfg = Debug|Any CPU
		{A410E2E8-4610-4944-AA33-8F26250D2DDA}.Debug|x64.Build.0 = Debug|Any CPU
		{A410E2E8-4610-4944-AA33-8F26250D2DDA}.Release|Any CPU.ActiveCfg = Release|Any CPU
		{A410E2E8-4610-4944-AA33-8F26250D2DDA}.Release|Any CPU.Build.0 = Release|Any CPU
		{A410E2E8-4610-4944-AA33-8F26250D2DDA}.Release|x64.ActiveCfg = Release|Any CPU
		{A410E2E8-4610-4944-AA33-8F26250D2DDA}.Release|x64.Build.0 = Release|Any CPU
		{A410E2E8-4610-4944-AA33-8F26250D2DDA}.Debug|Any CPU.Build.0 = Debug|Any CPU
		{40479A2D-DA73-463E-94D9-531FAC9648D9}.Debug|Any CPU.ActiveCfg = Debug|Any CPU
		{40479A2D-DA73-463E-94D9-531FAC9648D9}.Debug|x64.ActiveCfg = Debug|Any CPU
		{40479A2D-DA73-463E-94D9-531FAC9648D9}.Release|Any CPU.ActiveCfg = Release|Any CPU
		{40479A2D-DA73-463E-94D9-531FAC9648D9}.Release|x64.ActiveCfg = Release|Any CPU
		{882B1274-BA67-42C9-9618-DFC5F64F2CBD}.Debug|Any CPU.ActiveCfg = Debug|Any CPU
		{882B1274-BA67-42C9-9618-DFC5F64F2CBD}.Debug|Any CPU.Build.0 = Debug|Any CPU
		{882B1274-BA67-42C9-9618-DFC5F64F2CBD}.Debug|x64.ActiveCfg = Debug|Any CPU
		{882B1274-BA67-42C9-9618-DFC5F64F2CBD}.Debug|x64.Build.0 = Debug|Any CPU
		{882B1274-BA67-42C9-9618-DFC5F64F2CBD}.Release|Any CPU.ActiveCfg = Release|Any CPU
		{882B1274-BA67-42C9-9618-DFC5F64F2CBD}.Release|Any CPU.Build.0 = Release|Any CPU
		{882B1274-BA67-42C9-9618-DFC5F64F2CBD}.Release|x64.ActiveCfg = Release|Any CPU
		{882B1274-BA67-42C9-9618-DFC5F64F2CBD}.Release|x64.Build.0 = Release|Any CPU
		{F39FC17E-6824-470D-A371-D49071ACBE46}.Debug|Any CPU.ActiveCfg = Debug|Any CPU
		{F39FC17E-6824-470D-A371-D49071ACBE46}.Debug|Any CPU.Build.0 = Debug|Any CPU
		{F39FC17E-6824-470D-A371-D49071ACBE46}.Debug|x64.ActiveCfg = Debug|Any CPU
		{F39FC17E-6824-470D-A371-D49071ACBE46}.Debug|x64.Build.0 = Debug|Any CPU
		{F39FC17E-6824-470D-A371-D49071ACBE46}.Release|Any CPU.ActiveCfg = Release|Any CPU
		{F39FC17E-6824-470D-A371-D49071ACBE46}.Release|Any CPU.Build.0 = Release|Any CPU
		{F39FC17E-6824-470D-A371-D49071ACBE46}.Release|x64.ActiveCfg = Release|Any CPU
		{F39FC17E-6824-470D-A371-D49071ACBE46}.Release|x64.Build.0 = Release|Any CPU
		{87C17D18-78BC-4C9D-9BF3-2230A7F76C83}.Debug|Any CPU.ActiveCfg = Debug|Any CPU
		{87C17D18-78BC-4C9D-9BF3-2230A7F76C83}.Debug|Any CPU.Build.0 = Debug|Any CPU
		{87C17D18-78BC-4C9D-9BF3-2230A7F76C83}.Debug|x64.ActiveCfg = Debug|Any CPU
		{87C17D18-78BC-4C9D-9BF3-2230A7F76C83}.Debug|x64.Build.0 = Debug|Any CPU
		{87C17D18-78BC-4C9D-9BF3-2230A7F76C83}.Release|Any CPU.ActiveCfg = Release|Any CPU
		{87C17D18-78BC-4C9D-9BF3-2230A7F76C83}.Release|Any CPU.Build.0 = Release|Any CPU
		{87C17D18-78BC-4C9D-9BF3-2230A7F76C83}.Release|x64.ActiveCfg = Release|Any CPU
		{87C17D18-78BC-4C9D-9BF3-2230A7F76C83}.Release|x64.Build.0 = Release|Any CPU
		{9316991C-6DE5-4E29-A08C-8AC0D35E4947}.Debug|Any CPU.ActiveCfg = Debug|Any CPU
		{9316991C-6DE5-4E29-A08C-8AC0D35E4947}.Debug|Any CPU.Build.0 = Debug|Any CPU
		{9316991C-6DE5-4E29-A08C-8AC0D35E4947}.Debug|x64.ActiveCfg = Debug|Any CPU
		{9316991C-6DE5-4E29-A08C-8AC0D35E4947}.Debug|x64.Build.0 = Debug|Any CPU
		{9316991C-6DE5-4E29-A08C-8AC0D35E4947}.Release|Any CPU.ActiveCfg = Release|Any CPU
		{9316991C-6DE5-4E29-A08C-8AC0D35E4947}.Release|Any CPU.Build.0 = Release|Any CPU
		{9316991C-6DE5-4E29-A08C-8AC0D35E4947}.Release|x64.ActiveCfg = Release|Any CPU
		{9316991C-6DE5-4E29-A08C-8AC0D35E4947}.Release|x64.Build.0 = Release|Any CPU
	EndGlobalSection
	GlobalSection(SolutionProperties) = preSolution
		HideSolutionNode = FALSE
	EndGlobalSection
	GlobalSection(ExtensibilityGlobals) = postSolution
		SolutionGuid = {9BE6BD65-01EF-4666-B77A-EB81D91698FA}
	EndGlobalSection
	GlobalSection(NestedProjects) = preSolution
		{A410E2E8-4610-4944-AA33-8F26250D2DDA} = {44C3AC75-2EFE-4B85-B302-911837E0477B}
		{40479A2D-DA73-463E-94D9-531FAC9648D9} = {44C3AC75-2EFE-4B85-B302-911837E0477B}
		{418D3E0D-C088-4C37-9FB0-883F1E25C087} = {E6F90085-B092-4AC2-85A9-551412397ADB}
		{882B1274-BA67-42C9-9618-DFC5F64F2CBD} = {E6F90085-B092-4AC2-85A9-551412397ADB}
		{B2FDD0E9-8E55-494D-93FD-C2529284D4AD} = {E6F90085-B092-4AC2-85A9-551412397ADB}
		{F39FC17E-6824-470D-A371-D49071ACBE46} = {7C8E3B38-3A0C-4640-A1D6-F19991F9DFB9}
		{87C17D18-78BC-4C9D-9BF3-2230A7F76C83} = {7C8E3B38-3A0C-4640-A1D6-F19991F9DFB9}
		{9316991C-6DE5-4E29-A08C-8AC0D35E4947} = {7C8E3B38-3A0C-4640-A1D6-F19991F9DFB9}
	EndGlobalSection
EndGlobal
